PODS:
  - Alamofire (5.5.0)
  - LicensePlist (3.15.0)
  - SDWebImage (5.12.1):
    - SDWebImage/Core (= 5.12.1)
  - SDWebImage/Core (5.12.1)

DEPENDENCIES:
  - Alamofire
  - LicensePlist
  - SDWebImage

SPEC REPOS:
  trunk:
    - Alamofire
    - LicensePlist
    - SDWebImage

SPEC CHECKSUMS:
  Alamofire: 1c4fb5369c3fe93d2857c780d8bbe09f06f97e7c
  LicensePlist: bd3175ce3a27978e7b98c0c16a034b71cc14a7fc
  SDWebImage: 4dc3e42d9ec0c1028b960a33ac6b637bb432207b

PODFILE CHECKSUM: c18210a3155578e4c9031ffdac42367749c96762

COCOAPODS: 1.11.2
