// !$*UTF8*$!
{
	archiveVersion = 1;
	classes = {
	};
	objectVersion = 55;
	objects = {

/* Begin PBXBuildFile section */
		08BFF803AD3053A3CBB636F2 /* Pods_SearchGitUsersMVC.framework in Frameworks */ = {isa = PBXBuildFile; fileRef = FB3B4AE8FC95DCAD81A80A9E /* Pods_SearchGitUsersMVC.framework */; };
		8A7AAD3D27672C9700E7E58D /* AppDelegate.swift in Sources */ = {isa = PBXBuildFile; fileRef = 8A7AAD3C27672C9700E7E58D /* AppDelegate.swift */; };
		8A7AAD3F27672C9700E7E58D /* SceneDelegate.swift in Sources */ = {isa = PBXBuildFile; fileRef = 8A7AAD3E27672C9700E7E58D /* SceneDelegate.swift */; };
		8A7AAD4627672C9900E7E58D /* Assets.xcassets in Resources */ = {isa = PBXBuildFile; fileRef = 8A7AAD4527672C9900E7E58D /* Assets.xcassets */; };
		8A7AAD4927672C9900E7E58D /* LaunchScreen.storyboard in Resources */ = {isa = PBXBuildFile; fileRef = 8A7AAD4727672C9900E7E58D /* LaunchScreen.storyboard */; };
		8A7AAD5627674CDD00E7E58D /* SearchView.storyboard in Resources */ = {isa = PBXBuildFile; fileRef = 8A7AAD5527674CDD00E7E58D /* SearchView.storyboard */; };
		8A7AAD5827674D0300E7E58D /* ProfileView.storyboard in Resources */ = {isa = PBXBuildFile; fileRef = 8A7AAD5727674D0300E7E58D /* ProfileView.storyboard */; };
		8A7AAD5C27674DCE00E7E58D /* ProfileViewController.swift in Sources */ = {isa = PBXBuildFile; fileRef = 8A7AAD5B27674DCE00E7E58D /* ProfileViewController.swift */; };
		8A7AAD612767505900E7E58D /* UserInfoTableViewCell.swift in Sources */ = {isa = PBXBuildFile; fileRef = 8A7AAD5F2767505900E7E58D /* UserInfoTableViewCell.swift */; };
		8A7AAD622767505900E7E58D /* UserInfoTableViewCell.xib in Resources */ = {isa = PBXBuildFile; fileRef = 8A7AAD602767505900E7E58D /* UserInfoTableViewCell.xib */; };
		8A7AAD652767562900E7E58D /* NSObjectProtocol-Extension.swift in Sources */ = {isa = PBXBuildFile; fileRef = 8A7AAD642767562900E7E58D /* NSObjectProtocol-Extension.swift */; };
		8A7AAD672767565000E7E58D /* UITableViewCell-Extension.swift in Sources */ = {isa = PBXBuildFile; fileRef = 8A7AAD662767565000E7E58D /* UITableViewCell-Extension.swift */; };
		8A7AAD692767571E00E7E58D /* UITableView-Extension.swift in Sources */ = {isa = PBXBuildFile; fileRef = 8A7AAD682767571E00E7E58D /* UITableView-Extension.swift */; };
		8A7AAD6B2767881000E7E58D /* CodableForGitHubUsers.swift in Sources */ = {isa = PBXBuildFile; fileRef = 8A7AAD6A2767881000E7E58D /* CodableForGitHubUsers.swift */; };
		8A7AAD6D276791CB00E7E58D /* FetchGitHubUsers.swift in Sources */ = {isa = PBXBuildFile; fileRef = 8A7AAD6C276791CB00E7E58D /* FetchGitHubUsers.swift */; };
		8A7AAD9B2768A6AE00E7E58D /* UIAlertController-Extension.swift in Sources */ = {isa = PBXBuildFile; fileRef = 8A7AAD9A2768A6AE00E7E58D /* UIAlertController-Extension.swift */; };
		8A7AAD9D2768A8F300E7E58D /* SearchViewController.swift in Sources */ = {isa = PBXBuildFile; fileRef = 8A7AAD9C2768A8F300E7E58D /* SearchViewController.swift */; };
		8A7AADA2276976E900E7E58D /* Settings.bundle in Resources */ = {isa = PBXBuildFile; fileRef = 8A7AADA1276976E900E7E58D /* Settings.bundle */; };
/* End PBXBuildFile section */

/* Begin PBXFileReference section */
		1B923B7ADC20095A24785481 /* Pods-SearchGitUsersMVC.debug.xcconfig */ = {isa = PBXFileReference; includeInIndex = 1; lastKnownFileType = text.xcconfig; name = "Pods-SearchGitUsersMVC.debug.xcconfig"; path = "Target Support Files/Pods-SearchGitUsersMVC/Pods-SearchGitUsersMVC.debug.xcconfig"; sourceTree = "<group>"; };
		7EA3E4CA43D765884B11CB88 /* Pods-SearchGitUsersMVC.release.xcconfig */ = {isa = PBXFileReference; includeInIndex = 1; lastKnownFileType = text.xcconfig; name = "Pods-SearchGitUsersMVC.release.xcconfig"; path = "Target Support Files/Pods-SearchGitUsersMVC/Pods-SearchGitUsersMVC.release.xcconfig"; sourceTree = "<group>"; };
		8A7AAD3927672C9700E7E58D /* SearchGitUsersMVC.app */ = {isa = PBXFileReference; explicitFileType = wrapper.application; includeInIndex = 0; path = SearchGitUsersMVC.app; sourceTree = BUILT_PRODUCTS_DIR; };
		8A7AAD3C27672C9700E7E58D /* AppDelegate.swift */ = {isa = PBXFileReference; lastKnownFileType = sourcecode.swift; path = AppDelegate.swift; sourceTree = "<group>"; };
		8A7AAD3E27672C9700E7E58D /* SceneDelegate.swift */ = {isa = PBXFileReference; lastKnownFileType = sourcecode.swift; path = SceneDelegate.swift; sourceTree = "<group>"; };
		8A7AAD4527672C9900E7E58D /* Assets.xcassets */ = {isa = PBXFileReference; lastKnownFileType = folder.assetcatalog; path = Assets.xcassets; sourceTree = "<group>"; };
		8A7AAD4827672C9900E7E58D /* Base */ = {isa = PBXFileReference; lastKnownFileType = file.storyboard; name = Base; path = Base.lproj/LaunchScreen.storyboard; sourceTree = "<group>"; };
		8A7AAD4A27672C9900E7E58D /* Info.plist */ = {isa = PBXFileReference; lastKnownFileType = text.plist.xml; path = Info.plist; sourceTree = "<group>"; };
		8A7AAD5527674CDD00E7E58D /* SearchView.storyboard */ = {isa = PBXFileReference; lastKnownFileType = file.storyboard; path = SearchView.storyboard; sourceTree = "<group>"; };
		8A7AAD5727674D0300E7E58D /* ProfileView.storyboard */ = {isa = PBXFileReference; lastKnownFileType = file.storyboard; path = ProfileView.storyboard; sourceTree = "<group>"; };
		8A7AAD5B27674DCE00E7E58D /* ProfileViewController.swift */ = {isa = PBXFileReference; lastKnownFileType = sourcecode.swift; path = ProfileViewController.swift; sourceTree = "<group>"; };
		8A7AAD5F2767505900E7E58D /* UserInfoTableViewCell.swift */ = {isa = PBXFileReference; lastKnownFileType = sourcecode.swift; path = UserInfoTableViewCell.swift; sourceTree = "<group>"; };
		8A7AAD602767505900E7E58D /* UserInfoTableViewCell.xib */ = {isa = PBXFileReference; lastKnownFileType = file.xib; path = UserInfoTableViewCell.xib; sourceTree = "<group>"; };
		8A7AAD642767562900E7E58D /* NSObjectProtocol-Extension.swift */ = {isa = PBXFileReference; lastKnownFileType = sourcecode.swift; path = "NSObjectProtocol-Extension.swift"; sourceTree = "<group>"; };
		8A7AAD662767565000E7E58D /* UITableViewCell-Extension.swift */ = {isa = PBXFileReference; lastKnownFileType = sourcecode.swift; path = "UITableViewCell-Extension.swift"; sourceTree = "<group>"; };
		8A7AAD682767571E00E7E58D /* UITableView-Extension.swift */ = {isa = PBXFileReference; lastKnownFileType = sourcecode.swift; path = "UITableView-Extension.swift"; sourceTree = "<group>"; };
		8A7AAD6A2767881000E7E58D /* CodableForGitHubUsers.swift */ = {isa = PBXFileReference; lastKnownFileType = sourcecode.swift; path = CodableForGitHubUsers.swift; sourceTree = "<group>"; };
		8A7AAD6C276791CB00E7E58D /* FetchGitHubUsers.swift */ = {isa = PBXFileReference; lastKnownFileType = sourcecode.swift; path = FetchGitHubUsers.swift; sourceTree = "<group>"; };
		8A7AAD9A2768A6AE00E7E58D /* UIAlertController-Extension.swift */ = {isa = PBXFileReference; lastKnownFileType = sourcecode.swift; path = "UIAlertController-Extension.swift"; sourceTree = "<group>"; };
		8A7AAD9C2768A8F300E7E58D /* SearchViewController.swift */ = {isa = PBXFileReference; fileEncoding = 4; lastKnownFileType = sourcecode.swift; path = SearchViewController.swift; sourceTree = "<group>"; };
		8A7AADA1276976E900E7E58D /* Settings.bundle */ = {isa = PBXFileReference; lastKnownFileType = "wrapper.plug-in"; name = Settings.bundle; path = SearchGitUsersMVC/Settings.bundle; sourceTree = "<group>"; };
		FB3B4AE8FC95DCAD81A80A9E /* Pods_SearchGitUsersMVC.framework */ = {isa = PBXFileReference; explicitFileType = wrapper.framework; includeInIndex = 0; path = Pods_SearchGitUsersMVC.framework; sourceTree = BUILT_PRODUCTS_DIR; };
/* End PBXFileReference section */

/* Begin PBXFrameworksBuildPhase section */
		8A7AAD3627672C9700E7E58D /* Frameworks */ = {
			isa = PBXFrameworksBuildPhase;
			buildActionMask = 2147483647;
			files = (
				08BFF803AD3053A3CBB636F2 /* Pods_SearchGitUsersMVC.framework in Frameworks */,
			);
			runOnlyForDeploymentPostprocessing = 0;
		};
/* End PBXFrameworksBuildPhase section */

/* Begin PBXGroup section */
		6F7D59CF7D563AF3DE41202B /* Pods */ = {
			isa = PBXGroup;
			children = (
				1B923B7ADC20095A24785481 /* Pods-SearchGitUsersMVC.debug.xcconfig */,
				7EA3E4CA43D765884B11CB88 /* Pods-SearchGitUsersMVC.release.xcconfig */,
			);
			path = Pods;
			sourceTree = "<group>";
		};
		7A13B5B532D2C63B22FAA227 /* Frameworks */ = {
			isa = PBXGroup;
			children = (
				FB3B4AE8FC95DCAD81A80A9E /* Pods_SearchGitUsersMVC.framework */,
			);
			name = Frameworks;
			sourceTree = "<group>";
		};
		8A7AAD3027672C9700E7E58D = {
			isa = PBXGroup;
			children = (
				8A7AADA1276976E900E7E58D /* Settings.bundle */,
				8A7AAD3B27672C9700E7E58D /* SearchGitUsersMVC */,
				8A7AAD3A27672C9700E7E58D /* Products */,
				6F7D59CF7D563AF3DE41202B /* Pods */,
				7A13B5B532D2C63B22FAA227 /* Frameworks */,
			);
			sourceTree = "<group>";
		};
		8A7AAD3A27672C9700E7E58D /* Products */ = {
			isa = PBXGroup;
			children = (
				8A7AAD3927672C9700E7E58D /* SearchGitUsersMVC.app */,
			);
			name = Products;
			sourceTree = "<group>";
		};
		8A7AAD3B27672C9700E7E58D /* SearchGitUsersMVC */ = {
			isa = PBXGroup;
			children = (
				8A7AAD3C27672C9700E7E58D /* AppDelegate.swift */,
				8A7AAD3E27672C9700E7E58D /* SceneDelegate.swift */,
				8A7AAD5227674C9A00E7E58D /* Model */,
				8A7AAD5327674CA600E7E58D /* View */,
				8A7AAD5427674CB100E7E58D /* Controller */,
				8A7AAD632767557300E7E58D /* Extension */,
				8A7AAD4527672C9900E7E58D /* Assets.xcassets */,
				8A7AAD4727672C9900E7E58D /* LaunchScreen.storyboard */,
				8A7AAD4A27672C9900E7E58D /* Info.plist */,
			);
			path = SearchGitUsersMVC;
			sourceTree = "<group>";
		};
		8A7AAD5227674C9A00E7E58D /* Model */ = {
			isa = PBXGroup;
			children = (
				8A7AAD6A2767881000E7E58D /* CodableForGitHubUsers.swift */,
				8A7AAD6C276791CB00E7E58D /* FetchGitHubUsers.swift */,
			);
			path = Model;
			sourceTree = "<group>";
		};
		8A7AAD5327674CA600E7E58D /* View */ = {
			isa = PBXGroup;
			children = (
				8A7AAD5D2767501700E7E58D /* Storyboard */,
				8A7AAD5E2767502A00E7E58D /* XIB */,
			);
			path = View;
			sourceTree = "<group>";
		};
		8A7AAD5427674CB100E7E58D /* Controller */ = {
			isa = PBXGroup;
			children = (
				8A7AAD9C2768A8F300E7E58D /* SearchViewController.swift */,
				8A7AAD5B27674DCE00E7E58D /* ProfileViewController.swift */,
			);
			path = Controller;
			sourceTree = "<group>";
		};
		8A7AAD5D2767501700E7E58D /* Storyboard */ = {
			isa = PBXGroup;
			children = (
				8A7AAD5527674CDD00E7E58D /* SearchView.storyboard */,
				8A7AAD5727674D0300E7E58D /* ProfileView.storyboard */,
			);
			path = Storyboard;
			sourceTree = "<group>";
		};
		8A7AAD5E2767502A00E7E58D /* XIB */ = {
			isa = PBXGroup;
			children = (
				8A7AAD5F2767505900E7E58D /* UserInfoTableViewCell.swift */,
				8A7AAD602767505900E7E58D /* UserInfoTableViewCell.xib */,
			);
			path = XIB;
			sourceTree = "<group>";
		};
		8A7AAD632767557300E7E58D /* Extension */ = {
			isa = PBXGroup;
			children = (
				8A7AAD642767562900E7E58D /* NSObjectProtocol-Extension.swift */,
				8A7AAD662767565000E7E58D /* UITableViewCell-Extension.swift */,
				8A7AAD682767571E00E7E58D /* UITableView-Extension.swift */,
				8A7AAD9A2768A6AE00E7E58D /* UIAlertController-Extension.swift */,
			);
			path = Extension;
			sourceTree = "<group>";
		};
/* End PBXGroup section */

/* Begin PBXNativeTarget section */
		8A7AAD3827672C9700E7E58D /* SearchGitUsersMVC */ = {
			isa = PBXNativeTarget;
			buildConfigurationList = 8A7AAD4D27672C9900E7E58D /* Build configuration list for PBXNativeTarget "SearchGitUsersMVC" */;
			buildPhases = (
				93A0BA3821A3329DD56720C0 /* [CP] Check Pods Manifest.lock */,
				8A7AAD3527672C9700E7E58D /* Sources */,
				8A7AAD3627672C9700E7E58D /* Frameworks */,
				8A7AAD3727672C9700E7E58D /* Resources */,
				8A7AAD50276732F600E7E58D /* SwiftLint */,
				3E0D43E6EC923065C3E71629 /* [CP] Embed Pods Frameworks */,
				8A7AAD9E2769727E00E7E58D /* License Plist */,
			);
			buildRules = (
			);
			dependencies = (
			);
			name = SearchGitUsersMVC;
			productName = SearchGitUsersMVC;
			productReference = 8A7AAD3927672C9700E7E58D /* SearchGitUsersMVC.app */;
			productType = "com.apple.product-type.application";
		};
/* End PBXNativeTarget section */

/* Begin PBXProject section */
		8A7AAD3127672C9700E7E58D /* Project object */ = {
			isa = PBXProject;
			attributes = {
				BuildIndependentTargetsInParallel = 1;
				LastSwiftUpdateCheck = 1310;
				LastUpgradeCheck = 1310;
				TargetAttributes = {
					8A7AAD3827672C9700E7E58D = {
						CreatedOnToolsVersion = 13.1;
					};
				};
			};
			buildConfigurationList = 8A7AAD3427672C9700E7E58D /* Build configuration list for PBXProject "SearchGitUsersMVC" */;
			compatibilityVersion = "Xcode 13.0";
			developmentRegion = en;
			hasScannedForEncodings = 0;
			knownRegions = (
				en,
				Base,
			);
			mainGroup = 8A7AAD3027672C9700E7E58D;
			productRefGroup = 8A7AAD3A27672C9700E7E58D /* Products */;
			projectDirPath = "";
			projectRoot = "";
			targets = (
				8A7AAD3827672C9700E7E58D /* SearchGitUsersMVC */,
			);
		};
/* End PBXProject section */

/* Begin PBXResourcesBuildPhase section */
		8A7AAD3727672C9700E7E58D /* Resources */ = {
			isa = PBXResourcesBuildPhase;
			buildActionMask = 2147483647;
			files = (
				8A7AAD622767505900E7E58D /* UserInfoTableViewCell.xib in Resources */,
				8A7AAD4927672C9900E7E58D /* LaunchScreen.storyboard in Resources */,
				8A7AAD5827674D0300E7E58D /* ProfileView.storyboard in Resources */,
				8A7AAD5627674CDD00E7E58D /* SearchView.storyboard in Resources */,
				8A7AAD4627672C9900E7E58D /* Assets.xcassets in Resources */,
				8A7AADA2276976E900E7E58D /* Settings.bundle in Resources */,
			);
			runOnlyForDeploymentPostprocessing = 0;
		};
/* End PBXResourcesBuildPhase section */

/* Begin PBXShellScriptBuildPhase section */
		3E0D43E6EC923065C3E71629 /* [CP] Embed Pods Frameworks */ = {
			isa = PBXShellScriptBuildPhase;
			buildActionMask = 2147483647;
			files = (
			);
			inputFileListPaths = (
				"${PODS_ROOT}/Target Support Files/Pods-SearchGitUsersMVC/Pods-SearchGitUsersMVC-frameworks-${CONFIGURATION}-input-files.xcfilelist",
			);
			name = "[CP] Embed Pods Frameworks";
			outputFileListPaths = (
				"${PODS_ROOT}/Target Support Files/Pods-SearchGitUsersMVC/Pods-SearchGitUsersMVC-frameworks-${CONFIGURATION}-output-files.xcfilelist",
			);
			runOnlyForDeploymentPostprocessing = 0;
			shellPath = /bin/sh;
			shellScript = "\"${PODS_ROOT}/Target Support Files/Pods-SearchGitUsersMVC/Pods-SearchGitUsersMVC-frameworks.sh\"\n";
			showEnvVarsInLog = 0;
		};
		8A7AAD50276732F600E7E58D /* SwiftLint */ = {
			isa = PBXShellScriptBuildPhase;
			buildActionMask = 2147483647;
			files = (
			);
			inputFileListPaths = (
			);
			inputPaths = (
			);
			name = SwiftLint;
			outputFileListPaths = (
			);
			outputPaths = (
			);
			runOnlyForDeploymentPostprocessing = 0;
			shellPath = /bin/sh;
			shellScript = "if which swiftlint >/dev/null; then\n  swiftlint\nelse\n  echo \"warning: SwiftLint not installed, download from https://github.com/realm/SwiftLint\"\nfi\n";
		};
		8A7AAD9E2769727E00E7E58D /* License Plist */ = {
			isa = PBXShellScriptBuildPhase;
			buildActionMask = 2147483647;
			files = (
			);
			inputFileListPaths = (
			);
			inputPaths = (
			);
			name = "License Plist";
			outputFileListPaths = (
			);
			outputPaths = (
			);
			runOnlyForDeploymentPostprocessing = 0;
			shellPath = /bin/sh;
			shellScript = "if [ $CONFIGURATION = \"Debug\" ]; then\n${PODS_ROOT}/LicensePlist/license-plist --output-path $PRODUCT_NAME/Settings.bundle --github-token YOUR_GITHUB_TOKEN\nfi\n";
		};
		93A0BA3821A3329DD56720C0 /* [CP] Check Pods Manifest.lock */ = {
			isa = PBXShellScriptBuildPhase;
			buildActionMask = 2147483647;
			files = (
			);
			inputFileListPaths = (
			);
			inputPaths = (
				"${PODS_PODFILE_DIR_PATH}/Podfile.lock",
				"${PODS_ROOT}/Manifest.lock",
			);
			name = "[CP] Check Pods Manifest.lock";
			outputFileListPaths = (
			);
			outputPaths = (
				"$(DERIVED_FILE_DIR)/Pods-SearchGitUsersMVC-checkManifestLockResult.txt",
			);
			runOnlyForDeploymentPostprocessing = 0;
			shellPath = /bin/sh;
			shellScript = "diff \"${PODS_PODFILE_DIR_PATH}/Podfile.lock\" \"${PODS_ROOT}/Manifest.lock\" > /dev/null\nif [ $? != 0 ] ; then\n    # print error to STDERR\n    echo \"error: The sandbox is not in sync with the Podfile.lock. Run 'pod install' or update your CocoaPods installation.\" >&2\n    exit 1\nfi\n# This output is used by Xcode 'outputs' to avoid re-running this script phase.\necho \"SUCCESS\" > \"${SCRIPT_OUTPUT_FILE_0}\"\n";
			showEnvVarsInLog = 0;
		};
/* End PBXShellScriptBuildPhase section */

/* Begin PBXSourcesBuildPhase section */
		8A7AAD3527672C9700E7E58D /* Sources */ = {
			isa = PBXSourcesBuildPhase;
			buildActionMask = 2147483647;
			files = (
				8A7AAD6D276791CB00E7E58D /* FetchGitHubUsers.swift in Sources */,
				8A7AAD612767505900E7E58D /* UserInfoTableViewCell.swift in Sources */,
				8A7AAD9B2768A6AE00E7E58D /* UIAlertController-Extension.swift in Sources */,
				8A7AAD692767571E00E7E58D /* UITableView-Extension.swift in Sources */,
				8A7AAD652767562900E7E58D /* NSObjectProtocol-Extension.swift in Sources */,
				8A7AAD3D27672C9700E7E58D /* AppDelegate.swift in Sources */,
				8A7AAD9D2768A8F300E7E58D /* SearchViewController.swift in Sources */,
				8A7AAD5C27674DCE00E7E58D /* ProfileViewController.swift in Sources */,
				8A7AAD672767565000E7E58D /* UITableViewCell-Extension.swift in Sources */,
				8A7AAD3F27672C9700E7E58D /* SceneDelegate.swift in Sources */,
				8A7AAD6B2767881000E7E58D /* CodableForGitHubUsers.swift in Sources */,
			);
			runOnlyForDeploymentPostprocessing = 0;
		};
/* End PBXSourcesBuildPhase section */

/* Begin PBXVariantGroup section */
		8A7AAD4727672C9900E7E58D /* LaunchScreen.storyboard */ = {
			isa = PBXVariantGroup;
			children = (
				8A7AAD4827672C9900E7E58D /* Base */,
			);
			name = LaunchScreen.storyboard;
			sourceTree = "<group>";
		};
/* End PBXVariantGroup section */

/* Begin XCBuildConfiguration section */
		8A7AAD4B27672C9900E7E58D /* Debug */ = {
			isa = XCBuildConfiguration;
			buildSettings = {
				ALWAYS_SEARCH_USER_PATHS = NO;
				CLANG_ANALYZER_NONNULL = YES;
				CLANG_ANALYZER_NUMBER_OBJECT_CONVERSION = YES_AGGRESSIVE;
				CLANG_CXX_LANGUAGE_STANDARD = "gnu++17";
				CLANG_CXX_LIBRARY = "libc++";
				CLANG_ENABLE_MODULES = YES;
				CLANG_ENABLE_OBJC_ARC = YES;
				CLANG_ENABLE_OBJC_WEAK = YES;
				CLANG_WARN_BLOCK_CAPTURE_AUTORELEASING = YES;
				CLANG_WARN_BOOL_CONVERSION = YES;
				CLANG_WARN_COMMA = YES;
				CLANG_WARN_CONSTANT_CONVERSION = YES;
				CLANG_WARN_DEPRECATED_OBJC_IMPLEMENTATIONS = YES;
				CLANG_WARN_DIRECT_OBJC_ISA_USAGE = YES_ERROR;
				CLANG_WARN_DOCUMENTATION_COMMENTS = YES;
				CLANG_WARN_EMPTY_BODY = YES;
				CLANG_WARN_ENUM_CONVERSION = YES;
				CLANG_WARN_INFINITE_RECURSION = YES;
				CLANG_WARN_INT_CONVERSION = YES;
				CLANG_WARN_NON_LITERAL_NULL_CONVERSION = YES;
				CLANG_WARN_OBJC_IMPLICIT_RETAIN_SELF = YES;
				CLANG_WARN_OBJC_LITERAL_CONVERSION = YES;
				CLANG_WARN_OBJC_ROOT_CLASS = YES_ERROR;
				CLANG_WARN_QUOTED_INCLUDE_IN_FRAMEWORK_HEADER = YES;
				CLANG_WARN_RANGE_LOOP_ANALYSIS = YES;
				CLANG_WARN_STRICT_PROTOTYPES = YES;
				CLANG_WARN_SUSPICIOUS_MOVE = YES;
				CLANG_WARN_UNGUARDED_AVAILABILITY = YES_AGGRESSIVE;
				CLANG_WARN_UNREACHABLE_CODE = YES;
				CLANG_WARN__DUPLICATE_METHOD_MATCH = YES;
				COPY_PHASE_STRIP = NO;
				DEBUG_INFORMATION_FORMAT = dwarf;
				ENABLE_STRICT_OBJC_MSGSEND = YES;
				ENABLE_TESTABILITY = YES;
				GCC_C_LANGUAGE_STANDARD = gnu11;
				GCC_DYNAMIC_NO_PIC = NO;
				GCC_NO_COMMON_BLOCKS = YES;
				GCC_OPTIMIZATION_LEVEL = 0;
				GCC_PREPROCESSOR_DEFINITIONS = (
					"DEBUG=1",
					"$(inherited)",
				);
				GCC_WARN_64_TO_32_BIT_CONVERSION = YES;
				GCC_WARN_ABOUT_RETURN_TYPE = YES_ERROR;
				GCC_WARN_UNDECLARED_SELECTOR = YES;
				GCC_WARN_UNINITIALIZED_AUTOS = YES_AGGRESSIVE;
				GCC_WARN_UNUSED_FUNCTION = YES;
				GCC_WARN_UNUSED_VARIABLE = YES;
				IPHONEOS_DEPLOYMENT_TARGET = 15.0;
				MTL_ENABLE_DEBUG_INFO = INCLUDE_SOURCE;
				MTL_FAST_MATH = YES;
				ONLY_ACTIVE_ARCH = YES;
				SDKROOT = iphoneos;
				SWIFT_ACTIVE_COMPILATION_CONDITIONS = DEBUG;
				SWIFT_OPTIMIZATION_LEVEL = "-Onone";
			};
			name = Debug;
		};
		8A7AAD4C27672C9900E7E58D /* Release */ = {
			isa = XCBuildConfiguration;
			buildSettings = {
				ALWAYS_SEARCH_USER_PATHS = NO;
				CLANG_ANALYZER_NONNULL = YES;
				CLANG_ANALYZER_NUMBER_OBJECT_CONVERSION = YES_AGGRESSIVE;
				CLANG_CXX_LANGUAGE_STANDARD = "gnu++17";
				CLANG_CXX_LIBRARY = "libc++";
				CLANG_ENABLE_MODULES = YES;
				CLANG_ENABLE_OBJC_ARC = YES;
				CLANG_ENABLE_OBJC_WEAK = YES;
				CLANG_WARN_BLOCK_CAPTURE_AUTORELEASING = YES;
				CLANG_WARN_BOOL_CONVERSION = YES;
				CLANG_WARN_COMMA = YES;
				CLANG_WARN_CONSTANT_CONVERSION = YES;
				CLANG_WARN_DEPRECATED_OBJC_IMPLEMENTATIONS = YES;
				CLANG_WARN_DIRECT_OBJC_ISA_USAGE = YES_ERROR;
				CLANG_WARN_DOCUMENTATION_COMMENTS = YES;
				CLANG_WARN_EMPTY_BODY = YES;
				CLANG_WARN_ENUM_CONVERSION = YES;
				CLANG_WARN_INFINITE_RECURSION = YES;
				CLANG_WARN_INT_CONVERSION = YES;
				CLANG_WARN_NON_LITERAL_NULL_CONVERSION = YES;
				CLANG_WARN_OBJC_IMPLICIT_RETAIN_SELF = YES;
				CLANG_WARN_OBJC_LITERAL_CONVERSION = YES;
				CLANG_WARN_OBJC_ROOT_CLASS = YES_ERROR;
				CLANG_WARN_QUOTED_INCLUDE_IN_FRAMEWORK_HEADER = YES;
				CLANG_WARN_RANGE_LOOP_ANALYSIS = YES;
				CLANG_WARN_STRICT_PROTOTYPES = YES;
				CLANG_WARN_SUSPICIOUS_MOVE = YES;
				CLANG_WARN_UNGUARDED_AVAILABILITY = YES_AGGRESSIVE;
				CLANG_WARN_UNREACHABLE_CODE = YES;
				CLANG_WARN__DUPLICATE_METHOD_MATCH = YES;
				COPY_PHASE_STRIP = NO;
				DEBUG_INFORMATION_FORMAT = "dwarf-with-dsym";
				ENABLE_NS_ASSERTIONS = NO;
				ENABLE_STRICT_OBJC_MSGSEND = YES;
				GCC_C_LANGUAGE_STANDARD = gnu11;
				GCC_NO_COMMON_BLOCKS = YES;
				GCC_WARN_64_TO_32_BIT_CONVERSION = YES;
				GCC_WARN_ABOUT_RETURN_TYPE = YES_ERROR;
				GCC_WARN_UNDECLARED_SELECTOR = YES;
				GCC_WARN_UNINITIALIZED_AUTOS = YES_AGGRESSIVE;
				GCC_WARN_UNUSED_FUNCTION = YES;
				GCC_WARN_UNUSED_VARIABLE = YES;
				IPHONEOS_DEPLOYMENT_TARGET = 15.0;
				MTL_ENABLE_DEBUG_INFO = NO;
				MTL_FAST_MATH = YES;
				SDKROOT = iphoneos;
				SWIFT_COMPILATION_MODE = wholemodule;
				SWIFT_OPTIMIZATION_LEVEL = "-O";
				VALIDATE_PRODUCT = YES;
			};
			name = Release;
		};
		8A7AAD4E27672C9900E7E58D /* Debug */ = {
			isa = XCBuildConfiguration;
			baseConfigurationReference = 1B923B7ADC20095A24785481 /* Pods-SearchGitUsersMVC.debug.xcconfig */;
			buildSettings = {
				ASSETCATALOG_COMPILER_APPICON_NAME = AppIcon;
				ASSETCATALOG_COMPILER_GLOBAL_ACCENT_COLOR_NAME = AccentColor;
				CODE_SIGN_STYLE = Automatic;
				CURRENT_PROJECT_VERSION = 1;
				DEVELOPMENT_TEAM = 827H72CABH;
				GENERATE_INFOPLIST_FILE = YES;
				INFOPLIST_FILE = SearchGitUsersMVC/Info.plist;
				INFOPLIST_KEY_UIApplicationSupportsIndirectInputEvents = YES;
				INFOPLIST_KEY_UILaunchStoryboardName = LaunchScreen;
				INFOPLIST_KEY_UIMainStoryboardFile = SearchView;
				INFOPLIST_KEY_UISupportedInterfaceOrientations = UIInterfaceOrientationPortrait;
				INFOPLIST_KEY_UISupportedInterfaceOrientations_iPad = "UIInterfaceOrientationPortrait UIInterfaceOrientationPortraitUpsideDown UIInterfaceOrientationLandscapeLeft UIInterfaceOrientationLandscapeRight";
				INFOPLIST_KEY_UISupportedInterfaceOrientations_iPhone = "UIInterfaceOrientationPortrait UIInterfaceOrientationLandscapeLeft UIInterfaceOrientationLandscapeRight";
				IPHONEOS_DEPLOYMENT_TARGET = 14.0;
				LD_RUNPATH_SEARCH_PATHS = (
					"$(inherited)",
					"@executable_path/Frameworks",
				);
				MARKETING_VERSION = 1.0;
				PRODUCT_BUNDLE_IDENTIFIER = com.koichi.SearchGitUsersMVC;
				PRODUCT_NAME = "$(TARGET_NAME)";
				SWIFT_EMIT_LOC_STRINGS = YES;
				SWIFT_VERSION = 5.0;
				TARGETED_DEVICE_FAMILY = 1;
			};
			name = Debug;
		};
		8A7AAD4F27672C9900E7E58D /* Release */ = {
			isa = XCBuildConfiguration;
			baseConfigurationReference = 7EA3E4CA43D765884B11CB88 /* Pods-SearchGitUsersMVC.release.xcconfig */;
			buildSettings = {
				ASSETCATALOG_COMPILER_APPICON_NAME = AppIcon;
				ASSETCATALOG_COMPILER_GLOBAL_ACCENT_COLOR_NAME = AccentColor;
				CODE_SIGN_STYLE = Automatic;
				CURRENT_PROJECT_VERSION = 1;
				DEVELOPMENT_TEAM = 827H72CABH;
				GENERATE_INFOPLIST_FILE = YES;
				INFOPLIST_FILE = SearchGitUsersMVC/Info.plist;
				INFOPLIST_KEY_UIApplicationSupportsIndirectInputEvents = YES;
				INFOPLIST_KEY_UILaunchStoryboardName = LaunchScreen;
				INFOPLIST_KEY_UIMainStoryboardFile = SearchView;
				INFOPLIST_KEY_UISupportedInterfaceOrientations = UIInterfaceOrientationPortrait;
				INFOPLIST_KEY_UISupportedInterfaceOrientations_iPad = "UIInterfaceOrientationPortrait UIInterfaceOrientationPortraitUpsideDown UIInterfaceOrientationLandscapeLeft UIInterfaceOrientationLandscapeRight";
				INFOPLIST_KEY_UISupportedInterfaceOrientations_iPhone = "UIInterfaceOrientationPortrait UIInterfaceOrientationLandscapeLeft UIInterfaceOrientationLandscapeRight";
				IPHONEOS_DEPLOYMENT_TARGET = 14.0;
				LD_RUNPATH_SEARCH_PATHS = (
					"$(inherited)",
					"@executable_path/Frameworks",
				);
				MARKETING_VERSION = 1.0;
				PRODUCT_BUNDLE_IDENTIFIER = com.koichi.SearchGitUsersMVC;
				PRODUCT_NAME = "$(TARGET_NAME)";
				SWIFT_EMIT_LOC_STRINGS = YES;
				SWIFT_VERSION = 5.0;
				TARGETED_DEVICE_FAMILY = 1;
			};
			name = Release;
		};
/* End XCBuildConfiguration section */

/* Begin XCConfigurationList section */
		8A7AAD3427672C9700E7E58D /* Build configuration list for PBXProject "SearchGitUsersMVC" */ = {
			isa = XCConfigurationList;
			buildConfigurations = (
				8A7AAD4B27672C9900E7E58D /* Debug */,
				8A7AAD4C27672C9900E7E58D /* Release */,
			);
			defaultConfigurationIsVisible = 0;
			defaultConfigurationName = Release;
		};
		8A7AAD4D27672C9900E7E58D /* Build configuration list for PBXNativeTarget "SearchGitUsersMVC" */ = {
			isa = XCConfigurationList;
			buildConfigurations = (
				8A7AAD4E27672C9900E7E58D /* Debug */,
				8A7AAD4F27672C9900E7E58D /* Release */,
			);
			defaultConfigurationIsVisible = 0;
			defaultConfigurationName = Release;
		};
/* End XCConfigurationList section */
	};
	rootObject = 8A7AAD3127672C9700E7E58D /* Project object */;
}
